# This file is automatically @generated by Poetry 2.0.1 and should not be changed by hand.

[[package]]
name = "lxml"
version = "5.3.0"
description = "Powerful and Pythonic XML processing library combining libxml2/libxslt with the ElementTree API."
optional = false
python-versions = ">=3.6"
groups = ["main"]
files = [
    {file = "lxml-5.3.0-cp310-cp310-macosx_10_9_universal2.whl", hash = "sha256:dd36439be765e2dde7660212b5275641edbc813e7b24668831a5c8ac91180656"},
    {file = "lxml-5.3.0-cp310-cp310-macosx_10_9_x86_64.whl", hash = "sha256:ae5fe5c4b525aa82b8076c1a59d642c17b6e8739ecf852522c6321852178119d"},
    {file = "lxml-5.3.0-cp310-cp310-manylinux_2_12_i686.manylinux2010_i686.manylinux_2_17_i686.manylinux2014_i686.whl", hash = "sha256:501d0d7e26b4d261fca8132854d845e4988097611ba2531408ec91cf3fd9d20a"},
    {file = "lxml-5.3.0-cp310-cp310-manylinux_2_17_aarch64.manylinux2014_aarch64.whl", hash = "sha256:fb66442c2546446944437df74379e9cf9e9db353e61301d1a0e26482f43f0dd8"},
    {file = "lxml-5.3.0-cp310-cp310-manylinux_2_17_ppc64le.manylinux2014_ppc64le.whl", hash = "sha256:9e41506fec7a7f9405b14aa2d5c8abbb4dbbd09d88f9496958b6d00cb4d45330"},
    {file = "lxml-5.3.0-cp310-cp310-manylinux_2_17_s390x.manylinux2014_s390x.whl", hash = "sha256:f7d4a670107d75dfe5ad080bed6c341d18c4442f9378c9f58e5851e86eb79965"},
    {file = "lxml-5.3.0-cp310-cp310-manylinux_2_17_x86_64.manylinux2014_x86_64.whl", hash = "sha256:41ce1f1e2c7755abfc7e759dc34d7d05fd221723ff822947132dc934d122fe22"},
    {file = "lxml-5.3.0-cp310-cp310-manylinux_2_28_aarch64.whl", hash = "sha256:44264ecae91b30e5633013fb66f6ddd05c006d3e0e884f75ce0b4755b3e3847b"},
    {file = "lxml-5.3.0-cp310-cp310-manylinux_2_28_ppc64le.whl", hash = "sha256:3c174dc350d3ec52deb77f2faf05c439331d6ed5e702fc247ccb4e6b62d884b7"},
    {file = "lxml-5.3.0-cp310-cp310-manylinux_2_28_s390x.whl", hash = "sha256:2dfab5fa6a28a0b60a20638dc48e6343c02ea9933e3279ccb132f555a62323d8"},
    {file = "lxml-5.3.0-cp310-cp310-manylinux_2_28_x86_64.whl", hash = "sha256:b1c8c20847b9f34e98080da785bb2336ea982e7f913eed5809e5a3c872900f32"},
    {file = "lxml-5.3.0-cp310-cp310-musllinux_1_2_aarch64.whl", hash = "sha256:2c86bf781b12ba417f64f3422cfc302523ac9cd1d8ae8c0f92a1c66e56ef2e86"},
    {file = "lxml-5.3.0-cp310-cp310-musllinux_1_2_ppc64le.whl", hash = "sha256:c162b216070f280fa7da844531169be0baf9ccb17263cf5a8bf876fcd3117fa5"},
    {file = "lxml-5.3.0-cp310-cp310-musllinux_1_2_s390x.whl", hash = "sha256:36aef61a1678cb778097b4a6eeae96a69875d51d1e8f4d4b491ab3cfb54b5a03"},
    {file = "lxml-5.3.0-cp310-cp310-musllinux_1_2_x86_64.whl", hash = "sha256:f65e5120863c2b266dbcc927b306c5b78e502c71edf3295dfcb9501ec96e5fc7"},
    {file = "lxml-5.3.0-cp310-cp310-win32.whl", hash = "sha256:ef0c1fe22171dd7c7c27147f2e9c3e86f8bdf473fed75f16b0c2e84a5030ce80"},
    {file = "lxml-5.3.0-cp310-cp310-win_amd64.whl", hash = "sha256:052d99051e77a4f3e8482c65014cf6372e61b0a6f4fe9edb98503bb5364cfee3"},
    {file = "lxml-5.3.0-cp311-cp311-macosx_10_9_universal2.whl", hash = "sha256:74bcb423462233bc5d6066e4e98b0264e7c1bed7541fff2f4e34fe6b21563c8b"},
    {file = "lxml-5.3.0-cp311-cp311-macosx_10_9_x86_64.whl", hash = "sha256:a3d819eb6f9b8677f57f9664265d0a10dd6551d227afb4af2b9cd7bdc2ccbf18"},
    {file = "lxml-5.3.0-cp311-cp311-manylinux_2_12_i686.manylinux2010_i686.manylinux_2_17_i686.manylinux2014_i686.whl", hash = "sha256:5b8f5db71b28b8c404956ddf79575ea77aa8b1538e8b2ef9ec877945b3f46442"},
    {file = "lxml-5.3.0-cp311-cp311-manylinux_2_17_aarch64.manylinux2014_aarch64.whl", hash = "sha256:2c3406b63232fc7e9b8783ab0b765d7c59e7c59ff96759d8ef9632fca27c7ee4"},
    {file = "lxml-5.3.0-cp311-cp311-manylinux_2_17_ppc64le.manylinux2014_ppc64le.whl", hash = "sha256:2ecdd78ab768f844c7a1d4a03595038c166b609f6395e25af9b0f3f26ae1230f"},
    {file = "lxml-5.3.0-cp311-cp311-manylinux_2_17_s390x.manylinux2014_s390x.whl", hash = "sha256:168f2dfcfdedf611eb285efac1516c8454c8c99caf271dccda8943576b67552e"},
    {file = "lxml-5.3.0-cp311-cp311-manylinux_2_17_x86_64.manylinux2014_x86_64.whl", hash = "sha256:aa617107a410245b8660028a7483b68e7914304a6d4882b5ff3d2d3eb5948d8c"},
    {file = "lxml-5.3.0-cp311-cp311-manylinux_2_28_aarch64.whl", hash = "sha256:69959bd3167b993e6e710b99051265654133a98f20cec1d9b493b931942e9c16"},
    {file = "lxml-5.3.0-cp311-cp311-manylinux_2_28_ppc64le.whl", hash = "sha256:bd96517ef76c8654446fc3db9242d019a1bb5fe8b751ba414765d59f99210b79"},
    {file = "lxml-5.3.0-cp311-cp311-manylinux_2_28_s390x.whl", hash = "sha256:ab6dd83b970dc97c2d10bc71aa925b84788c7c05de30241b9e96f9b6d9ea3080"},
    {file = "lxml-5.3.0-cp311-cp311-manylinux_2_28_x86_64.whl", hash = "sha256:eec1bb8cdbba2925bedc887bc0609a80e599c75b12d87ae42ac23fd199445654"},
    {file = "lxml-5.3.0-cp311-cp311-musllinux_1_2_aarch64.whl", hash = "sha256:6a7095eeec6f89111d03dabfe5883a1fd54da319c94e0fb104ee8f23616b572d"},
    {file = "lxml-5.3.0-cp311-cp311-musllinux_1_2_ppc64le.whl", hash = "sha256:6f651ebd0b21ec65dfca93aa629610a0dbc13dbc13554f19b0113da2e61a4763"},
    {file = "lxml-5.3.0-cp311-cp311-musllinux_1_2_s390x.whl", hash = "sha256:f422a209d2455c56849442ae42f25dbaaba1c6c3f501d58761c619c7836642ec"},
    {file = "lxml-5.3.0-cp311-cp311-musllinux_1_2_x86_64.whl", hash = "sha256:62f7fdb0d1ed2065451f086519865b4c90aa19aed51081979ecd05a21eb4d1be"},
    {file = "lxml-5.3.0-cp311-cp311-win32.whl", hash = "sha256:c6379f35350b655fd817cd0d6cbeef7f265f3ae5fedb1caae2eb442bbeae9ab9"},
    {file = "lxml-5.3.0-cp311-cp311-win_amd64.whl", hash = "sha256:9c52100e2c2dbb0649b90467935c4b0de5528833c76a35ea1a2691ec9f1ee7a1"},
    {file = "lxml-5.3.0-cp312-cp312-macosx_10_9_universal2.whl", hash = "sha256:e99f5507401436fdcc85036a2e7dc2e28d962550afe1cbfc07c40e454256a859"},
    {file = "lxml-5.3.0-cp312-cp312-macosx_10_9_x86_64.whl", hash = "sha256:384aacddf2e5813a36495233b64cb96b1949da72bef933918ba5c84e06af8f0e"},
    {file = "lxml-5.3.0-cp312-cp312-manylinux_2_12_i686.manylinux2010_i686.manylinux_2_17_i686.manylinux2014_i686.whl", hash = "sha256:874a216bf6afaf97c263b56371434e47e2c652d215788396f60477540298218f"},
    {file = "lxml-5.3.0-cp312-cp312-manylinux_2_17_aarch64.manylinux2014_aarch64.whl", hash = "sha256:65ab5685d56914b9a2a34d67dd5488b83213d680b0c5d10b47f81da5a16b0b0e"},
    {file = "lxml-5.3.0-cp312-cp312-manylinux_2_17_ppc64le.manylinux2014_ppc64le.whl", hash = "sha256:aac0bbd3e8dd2d9c45ceb82249e8bdd3ac99131a32b4d35c8af3cc9db1657179"},
    {file = "lxml-5.3.0-cp312-cp312-manylinux_2_17_s390x.manylinux2014_s390x.whl", hash = "sha256:b369d3db3c22ed14c75ccd5af429086f166a19627e84a8fdade3f8f31426e52a"},
    {file = "lxml-5.3.0-cp312-cp312-manylinux_2_17_x86_64.manylinux2014_x86_64.whl", hash = "sha256:c24037349665434f375645fa9d1f5304800cec574d0310f618490c871fd902b3"},
    {file = "lxml-5.3.0-cp312-cp312-manylinux_2_28_aarch64.whl", hash = "sha256:62d172f358f33a26d6b41b28c170c63886742f5b6772a42b59b4f0fa10526cb1"},
    {file = "lxml-5.3.0-cp312-cp312-manylinux_2_28_ppc64le.whl", hash = "sha256:c1f794c02903c2824fccce5b20c339a1a14b114e83b306ff11b597c5f71a1c8d"},
    {file = "lxml-5.3.0-cp312-cp312-manylinux_2_28_s390x.whl", hash = "sha256:5d6a6972b93c426ace71e0be9a6f4b2cfae9b1baed2eed2006076a746692288c"},
    {file = "lxml-5.3.0-cp312-cp312-manylinux_2_28_x86_64.whl", hash = "sha256:3879cc6ce938ff4eb4900d901ed63555c778731a96365e53fadb36437a131a99"},
    {file = "lxml-5.3.0-cp312-cp312-musllinux_1_2_aarch64.whl", hash = "sha256:74068c601baff6ff021c70f0935b0c7bc528baa8ea210c202e03757c68c5a4ff"},
    {file = "lxml-5.3.0-cp312-cp312-musllinux_1_2_ppc64le.whl", hash = "sha256:ecd4ad8453ac17bc7ba3868371bffb46f628161ad0eefbd0a855d2c8c32dd81a"},
    {file = "lxml-5.3.0-cp312-cp312-musllinux_1_2_s390x.whl", hash = "sha256:7e2f58095acc211eb9d8b5771bf04df9ff37d6b87618d1cbf85f92399c98dae8"},
    {file = "lxml-5.3.0-cp312-cp312-musllinux_1_2_x86_64.whl", hash = "sha256:e63601ad5cd8f860aa99d109889b5ac34de571c7ee902d6812d5d9ddcc77fa7d"},
    {file = "lxml-5.3.0-cp312-cp312-win32.whl", hash = "sha256:17e8d968d04a37c50ad9c456a286b525d78c4a1c15dd53aa46c1d8e06bf6fa30"},
    {file = "lxml-5.3.0-cp312-cp312-win_amd64.whl", hash = "sha256:c1a69e58a6bb2de65902051d57fde951febad631a20a64572677a1052690482f"},
    {file = "lxml-5.3.0-cp313-cp313-macosx_10_13_universal2.whl", hash = "sha256:8c72e9563347c7395910de6a3100a4840a75a6f60e05af5e58566868d5eb2d6a"},
    {file = "lxml-5.3.0-cp313-cp313-macosx_10_13_x86_64.whl", hash = "sha256:e92ce66cd919d18d14b3856906a61d3f6b6a8500e0794142338da644260595cd"},
    {file = "lxml-5.3.0-cp313-cp313-manylinux_2_12_i686.manylinux2010_i686.manylinux_2_17_i686.manylinux2014_i686.whl", hash = "sha256:1d04f064bebdfef9240478f7a779e8c5dc32b8b7b0b2fc6a62e39b928d428e51"},
    {file = "lxml-5.3.0-cp313-cp313-manylinux_2_17_aarch64.manylinux2014_aarch64.whl", hash = "sha256:5c2fb570d7823c2bbaf8b419ba6e5662137f8166e364a8b2b91051a1fb40ab8b"},
    {file = "lxml-5.3.0-cp313-cp313-manylinux_2_17_ppc64le.manylinux2014_ppc64le.whl", hash = "sha256:0c120f43553ec759f8de1fee2f4794452b0946773299d44c36bfe18e83caf002"},
    {file = "lxml-5.3.0-cp313-cp313-manylinux_2_17_s390x.manylinux2014_s390x.whl", hash = "sha256:562e7494778a69086f0312ec9689f6b6ac1c6b65670ed7d0267e49f57ffa08c4"},
    {file = "lxml-5.3.0-cp313-cp313-manylinux_2_17_x86_64.manylinux2014_x86_64.whl", hash = "sha256:423b121f7e6fa514ba0c7918e56955a1d4470ed35faa03e3d9f0e3baa4c7e492"},
    {file = "lxml-5.3.0-cp313-cp313-manylinux_2_28_aarch64.whl", hash = "sha256:c00f323cc00576df6165cc9d21a4c21285fa6b9989c5c39830c3903dc4303ef3"},
    {file = "lxml-5.3.0-cp313-cp313-manylinux_2_28_ppc64le.whl", hash = "sha256:1fdc9fae8dd4c763e8a31e7630afef517eab9f5d5d31a278df087f307bf601f4"},
    {file = "lxml-5.3.0-cp313-cp313-manylinux_2_28_s390x.whl", hash = "sha256:658f2aa69d31e09699705949b5fc4719cbecbd4a97f9656a232e7d6c7be1a367"},
    {file = "lxml-5.3.0-cp313-cp313-manylinux_2_28_x86_64.whl", hash = "sha256:1473427aff3d66a3fa2199004c3e601e6c4500ab86696edffdbc84954c72d832"},
    {file = "lxml-5.3.0-cp313-cp313-musllinux_1_2_aarch64.whl", hash = "sha256:a87de7dd873bf9a792bf1e58b1c3887b9264036629a5bf2d2e6579fe8e73edff"},
    {file = "lxml-5.3.0-cp313-cp313-musllinux_1_2_ppc64le.whl", hash = "sha256:0d7b36afa46c97875303a94e8f3ad932bf78bace9e18e603f2085b652422edcd"},
    {file = "lxml-5.3.0-cp313-cp313-musllinux_1_2_s390x.whl", hash = "sha256:cf120cce539453ae086eacc0130a324e7026113510efa83ab42ef3fcfccac7fb"},
    {file = "lxml-5.3.0-cp313-cp313-musllinux_1_2_x86_64.whl", hash = "sha256:df5c7333167b9674aa8ae1d4008fa4bc17a313cc490b2cca27838bbdcc6bb15b"},
    {file = "lxml-5.3.0-cp313-cp313-win32.whl", hash = "sha256:c802e1c2ed9f0c06a65bc4ed0189d000ada8049312cfeab6ca635e39c9608957"},
    {file = "lxml-5.3.0-cp313-cp313-win_amd64.whl", hash = "sha256:406246b96d552e0503e17a1006fd27edac678b3fcc9f1be71a2f94b4ff61528d"},
    {file = "lxml-5.3.0-cp36-cp36m-macosx_10_9_x86_64.whl", hash = "sha256:8f0de2d390af441fe8b2c12626d103540b5d850d585b18fcada58d972b74a74e"},
    {file = "lxml-5.3.0-cp36-cp36m-manylinux_2_12_i686.manylinux2010_i686.manylinux_2_17_i686.manylinux2014_i686.whl", hash = "sha256:1afe0a8c353746e610bd9031a630a95bcfb1a720684c3f2b36c4710a0a96528f"},
    {file = "lxml-5.3.0-cp36-cp36m-manylinux_2_17_x86_64.manylinux2014_x86_64.whl", hash = "sha256:56b9861a71575f5795bde89256e7467ece3d339c9b43141dbdd54544566b3b94"},
    {file = "lxml-5.3.0-cp36-cp36m-manylinux_2_28_x86_64.whl", hash = "sha256:9fb81d2824dff4f2e297a276297e9031f46d2682cafc484f49de182aa5e5df99"},
    {file = "lxml-5.3.0-cp36-cp36m-manylinux_2_5_x86_64.manylinux1_x86_64.whl", hash = "sha256:2c226a06ecb8cdef28845ae976da407917542c5e6e75dcac7cc33eb04aaeb237"},
    {file = "lxml-5.3.0-cp36-cp36m-musllinux_1_2_x86_64.whl", hash = "sha256:7d3d1ca42870cdb6d0d29939630dbe48fa511c203724820fc0fd507b2fb46577"},
    {file = "lxml-5.3.0-cp36-cp36m-win32.whl", hash = "sha256:094cb601ba9f55296774c2d57ad68730daa0b13dc260e1f941b4d13678239e70"},
    {file = "lxml-5.3.0-cp36-cp36m-win_amd64.whl", hash = "sha256:eafa2c8658f4e560b098fe9fc54539f86528651f61849b22111a9b107d18910c"},
    {file = "lxml-5.3.0-cp37-cp37m-macosx_10_9_x86_64.whl", hash = "sha256:cb83f8a875b3d9b458cada4f880fa498646874ba4011dc974e071a0a84a1b033"},
    {file = "lxml-5.3.0-cp37-cp37m-manylinux_2_12_i686.manylinux2010_i686.manylinux_2_17_i686.manylinux2014_i686.whl", hash = "sha256:25f1b69d41656b05885aa185f5fdf822cb01a586d1b32739633679699f220391"},
    {file = "lxml-5.3.0-cp37-cp37m-manylinux_2_17_aarch64.manylinux2014_aarch64.whl", hash = "sha256:23e0553b8055600b3bf4a00b255ec5c92e1e4aebf8c2c09334f8368e8bd174d6"},
    {file = "lxml-5.3.0-cp37-cp37m-manylinux_2_17_x86_64.manylinux2014_x86_64.whl", hash = "sha256:9ada35dd21dc6c039259596b358caab6b13f4db4d4a7f8665764d616daf9cc1d"},
    {file = "lxml-5.3.0-cp37-cp37m-manylinux_2_28_aarch64.whl", hash = "sha256:81b4e48da4c69313192d8c8d4311e5d818b8be1afe68ee20f6385d0e96fc9512"},
    {file = "lxml-5.3.0-cp37-cp37m-manylinux_2_28_x86_64.whl", hash = "sha256:2bc9fd5ca4729af796f9f59cd8ff160fe06a474da40aca03fcc79655ddee1a8b"},
    {file = "lxml-5.3.0-cp37-cp37m-musllinux_1_2_aarch64.whl", hash = "sha256:07da23d7ee08577760f0a71d67a861019103e4812c87e2fab26b039054594cc5"},
    {file = "lxml-5.3.0-cp37-cp37m-musllinux_1_2_x86_64.whl", hash = "sha256:ea2e2f6f801696ad7de8aec061044d6c8c0dd4037608c7cab38a9a4d316bfb11"},
    {file = "lxml-5.3.0-cp37-cp37m-win32.whl", hash = "sha256:5c54afdcbb0182d06836cc3d1be921e540be3ebdf8b8a51ee3ef987537455f84"},
    {file = "lxml-5.3.0-cp37-cp37m-win_amd64.whl", hash = "sha256:f2901429da1e645ce548bf9171784c0f74f0718c3f6150ce166be39e4dd66c3e"},
    {file = "lxml-5.3.0-cp38-cp38-macosx_10_9_x86_64.whl", hash = "sha256:c56a1d43b2f9ee4786e4658c7903f05da35b923fb53c11025712562d5cc02753"},
    {file = "lxml-5.3.0-cp38-cp38-manylinux_2_12_i686.manylinux2010_i686.manylinux_2_17_i686.manylinux2014_i686.whl", hash = "sha256:6ee8c39582d2652dcd516d1b879451500f8db3fe3607ce45d7c5957ab2596040"},
    {file = "lxml-5.3.0-cp38-cp38-manylinux_2_17_aarch64.manylinux2014_aarch64.whl", hash = "sha256:0fdf3a3059611f7585a78ee10399a15566356116a4288380921a4b598d807a22"},
    {file = "lxml-5.3.0-cp38-cp38-manylinux_2_17_x86_64.manylinux2014_x86_64.whl", hash = "sha256:146173654d79eb1fc97498b4280c1d3e1e5d58c398fa530905c9ea50ea849b22"},
    {file = "lxml-5.3.0-cp38-cp38-manylinux_2_28_aarch64.whl", hash = "sha256:0a7056921edbdd7560746f4221dca89bb7a3fe457d3d74267995253f46343f15"},
    {file = "lxml-5.3.0-cp38-cp38-manylinux_2_28_x86_64.whl", hash = "sha256:9e4b47ac0f5e749cfc618efdf4726269441014ae1d5583e047b452a32e221920"},
    {file = "lxml-5.3.0-cp38-cp38-musllinux_1_2_aarch64.whl", hash = "sha256:f914c03e6a31deb632e2daa881fe198461f4d06e57ac3d0e05bbcab8eae01945"},
    {file = "lxml-5.3.0-cp38-cp38-musllinux_1_2_x86_64.whl", hash = "sha256:213261f168c5e1d9b7535a67e68b1f59f92398dd17a56d934550837143f79c42"},
    {file = "lxml-5.3.0-cp38-cp38-win32.whl", hash = "sha256:218c1b2e17a710e363855594230f44060e2025b05c80d1f0661258142b2add2e"},
    {file = "lxml-5.3.0-cp38-cp38-win_amd64.whl", hash = "sha256:315f9542011b2c4e1d280e4a20ddcca1761993dda3afc7a73b01235f8641e903"},
    {file = "lxml-5.3.0-cp39-cp39-macosx_10_9_universal2.whl", hash = "sha256:1ffc23010330c2ab67fac02781df60998ca8fe759e8efde6f8b756a20599c5de"},
    {file = "lxml-5.3.0-cp39-cp39-macosx_10_9_x86_64.whl", hash = "sha256:2b3778cb38212f52fac9fe913017deea2fdf4eb1a4f8e4cfc6b009a13a6d3fcc"},
    {file = "lxml-5.3.0-cp39-cp39-manylinux_2_12_i686.manylinux2010_i686.manylinux_2_17_i686.manylinux2014_i686.whl", hash = "sha256:4b0c7a688944891086ba192e21c5229dea54382f4836a209ff8d0a660fac06be"},
    {file = "lxml-5.3.0-cp39-cp39-manylinux_2_17_aarch64.manylinux2014_aarch64.whl", hash = "sha256:747a3d3e98e24597981ca0be0fd922aebd471fa99d0043a3842d00cdcad7ad6a"},
    {file = "lxml-5.3.0-cp39-cp39-manylinux_2_17_ppc64le.manylinux2014_ppc64le.whl", hash = "sha256:86a6b24b19eaebc448dc56b87c4865527855145d851f9fc3891673ff97950540"},
    {file = "lxml-5.3.0-cp39-cp39-manylinux_2_17_s390x.manylinux2014_s390x.whl", hash = "sha256:b11a5d918a6216e521c715b02749240fb07ae5a1fefd4b7bf12f833bc8b4fe70"},
    {file = "lxml-5.3.0-cp39-cp39-manylinux_2_17_x86_64.manylinux2014_x86_64.whl", hash = "sha256:68b87753c784d6acb8a25b05cb526c3406913c9d988d51f80adecc2b0775d6aa"},
    {file = "lxml-5.3.0-cp39-cp39-manylinux_2_28_aarch64.whl", hash = "sha256:109fa6fede314cc50eed29e6e56c540075e63d922455346f11e4d7a036d2b8cf"},
    {file = "lxml-5.3.0-cp39-cp39-manylinux_2_28_ppc64le.whl", hash = "sha256:02ced472497b8362c8e902ade23e3300479f4f43e45f4105c85ef43b8db85229"},
    {file = "lxml-5.3.0-cp39-cp39-manylinux_2_28_s390x.whl", hash = "sha256:6b038cc86b285e4f9fea2ba5ee76e89f21ed1ea898e287dc277a25884f3a7dfe"},
    {file = "lxml-5.3.0-cp39-cp39-manylinux_2_28_x86_64.whl", hash = "sha256:7437237c6a66b7ca341e868cda48be24b8701862757426852c9b3186de1da8a2"},
    {file = "lxml-5.3.0-cp39-cp39-musllinux_1_2_aarch64.whl", hash = "sha256:7f41026c1d64043a36fda21d64c5026762d53a77043e73e94b71f0521939cc71"},
    {file = "lxml-5.3.0-cp39-cp39-musllinux_1_2_ppc64le.whl", hash = "sha256:482c2f67761868f0108b1743098640fbb2a28a8e15bf3f47ada9fa59d9fe08c3"},
    {file = "lxml-5.3.0-cp39-cp39-musllinux_1_2_s390x.whl", hash = "sha256:1483fd3358963cc5c1c9b122c80606a3a79ee0875bcac0204149fa09d6ff2727"},
    {file = "lxml-5.3.0-cp39-cp39-musllinux_1_2_x86_64.whl", hash = "sha256:2dec2d1130a9cda5b904696cec33b2cfb451304ba9081eeda7f90f724097300a"},
    {file = "lxml-5.3.0-cp39-cp39-win32.whl", hash = "sha256:a0eabd0a81625049c5df745209dc7fcef6e2aea7793e5f003ba363610aa0a3ff"},
    {file = "lxml-5.3.0-cp39-cp39-win_amd64.whl", hash = "sha256:89e043f1d9d341c52bf2af6d02e6adde62e0a46e6755d5eb60dc6e4f0b8aeca2"},
    {file = "lxml-5.3.0-pp310-pypy310_pp73-macosx_10_15_x86_64.whl", hash = "sha256:7b1cd427cb0d5f7393c31b7496419da594fe600e6fdc4b105a54f82405e6626c"},
    {file = "lxml-5.3.0-pp310-pypy310_pp73-manylinux_2_17_aarch64.manylinux2014_aarch64.whl", hash = "sha256:51806cfe0279e06ed8500ce19479d757db42a30fd509940b1701be9c86a5ff9a"},
    {file = "lxml-5.3.0-pp310-pypy310_pp73-manylinux_2_17_x86_64.manylinux2014_x86_64.whl", hash = "sha256:ee70d08fd60c9565ba8190f41a46a54096afa0eeb8f76bd66f2c25d3b1b83005"},
    {file = "lxml-5.3.0-pp310-pypy310_pp73-manylinux_2_28_aarch64.whl", hash = "sha256:8dc2c0395bea8254d8daebc76dcf8eb3a95ec2a46fa6fae5eaccee366bfe02ce"},
    {file = "lxml-5.3.0-pp310-pypy310_pp73-manylinux_2_28_x86_64.whl", hash = "sha256:6ba0d3dcac281aad8a0e5b14c7ed6f9fa89c8612b47939fc94f80b16e2e9bc83"},
    {file = "lxml-5.3.0-pp310-pypy310_pp73-win_amd64.whl", hash = "sha256:6e91cf736959057f7aac7adfc83481e03615a8e8dd5758aa1d95ea69e8931dba"},
    {file = "lxml-5.3.0-pp37-pypy37_pp73-macosx_10_9_x86_64.whl", hash = "sha256:94d6c3782907b5e40e21cadf94b13b0842ac421192f26b84c45f13f3c9d5dc27"},
    {file = "lxml-5.3.0-pp37-pypy37_pp73-manylinux_2_17_aarch64.manylinux2014_aarch64.whl", hash = "sha256:c300306673aa0f3ed5ed9372b21867690a17dba38c68c44b287437c362ce486b"},
    {file = "lxml-5.3.0-pp37-pypy37_pp73-manylinux_2_17_x86_64.manylinux2014_x86_64.whl", hash = "sha256:78d9b952e07aed35fe2e1a7ad26e929595412db48535921c5013edc8aa4a35ce"},
    {file = "lxml-5.3.0-pp37-pypy37_pp73-manylinux_2_28_aarch64.whl", hash = "sha256:01220dca0d066d1349bd6a1726856a78f7929f3878f7e2ee83c296c69495309e"},
    {file = "lxml-5.3.0-pp37-pypy37_pp73-manylinux_2_28_x86_64.whl", hash = "sha256:2d9b8d9177afaef80c53c0a9e30fa252ff3036fb1c6494d427c066a4ce6a282f"},
    {file = "lxml-5.3.0-pp37-pypy37_pp73-win_amd64.whl", hash = "sha256:20094fc3f21ea0a8669dc4c61ed7fa8263bd37d97d93b90f28fc613371e7a875"},
    {file = "lxml-5.3.0-pp38-pypy38_pp73-macosx_10_9_x86_64.whl", hash = "sha256:ace2c2326a319a0bb8a8b0e5b570c764962e95818de9f259ce814ee666603f19"},
    {file = "lxml-5.3.0-pp38-pypy38_pp73-manylinux_2_17_aarch64.manylinux2014_aarch64.whl", hash = "sha256:92e67a0be1639c251d21e35fe74df6bcc40cba445c2cda7c4a967656733249e2"},
    {file = "lxml-5.3.0-pp38-pypy38_pp73-manylinux_2_17_x86_64.manylinux2014_x86_64.whl", hash = "sha256:dd5350b55f9fecddc51385463a4f67a5da829bc741e38cf689f38ec9023f54ab"},
    {file = "lxml-5.3.0-pp38-pypy38_pp73-manylinux_2_28_aarch64.whl", hash = "sha256:4c1fefd7e3d00921c44dc9ca80a775af49698bbfd92ea84498e56acffd4c5469"},
    {file = "lxml-5.3.0-pp38-pypy38_pp73-manylinux_2_28_x86_64.whl", hash = "sha256:71a8dd38fbd2f2319136d4ae855a7078c69c9a38ae06e0c17c73fd70fc6caad8"},
    {file = "lxml-5.3.0-pp38-pypy38_pp73-win_amd64.whl", hash = "sha256:97acf1e1fd66ab53dacd2c35b319d7e548380c2e9e8c54525c6e76d21b1ae3b1"},
    {file = "lxml-5.3.0-pp39-pypy39_pp73-macosx_10_15_x86_64.whl", hash = "sha256:68934b242c51eb02907c5b81d138cb977b2129a0a75a8f8b60b01cb8586c7b21"},
    {file = "lxml-5.3.0-pp39-pypy39_pp73-manylinux_2_17_aarch64.manylinux2014_aarch64.whl", hash = "sha256:b710bc2b8292966b23a6a0121f7a6c51d45d2347edcc75f016ac123b8054d3f2"},
    {file = "lxml-5.3.0-pp39-pypy39_pp73-manylinux_2_17_x86_64.manylinux2014_x86_64.whl", hash = "sha256:18feb4b93302091b1541221196a2155aa296c363fd233814fa11e181adebc52f"},
    {file = "lxml-5.3.0-pp39-pypy39_pp73-manylinux_2_28_aarch64.whl", hash = "sha256:3eb44520c4724c2e1a57c0af33a379eee41792595023f367ba3952a2d96c2aab"},
    {file = "lxml-5.3.0-pp39-pypy39_pp73-manylinux_2_28_x86_64.whl", hash = "sha256:609251a0ca4770e5a8768ff902aa02bf636339c5a93f9349b48eb1f606f7f3e9"},
    {file = "lxml-5.3.0-pp39-pypy39_pp73-win_amd64.whl", hash = "sha256:516f491c834eb320d6c843156440fe7fc0d50b33e44387fcec5b02f0bc118a4c"},
    {file = "lxml-5.3.0.tar.gz", hash = "sha256:4e109ca30d1edec1ac60cdbe341905dc3b8f55b16855e03a54aaf59e51ec8c6f"},
]

[package.extras]
cssselect = ["cssselect (>=0.7)"]
html-clean = ["lxml-html-clean"]
html5 = ["html5lib"]
htmlsoup = ["BeautifulSoup4"]
source = ["Cython (>=3.0.11)"]

[[package]]
name = "pyyaml"
version = "6.0.2"
description = "YAML parser and emitter for Python"
optional = false
python-versions = ">=3.8"
groups = ["main"]
files = [
    {file = "PyYAML-6.0.2-cp310-cp310-macosx_10_9_x86_64.whl", hash = "sha256:0a9a2848a5b7feac301353437eb7d5957887edbf81d56e903999a75a3d743086"},
    {file = "PyYAML-6.0.2-cp310-cp310-macosx_11_0_arm64.whl", hash = "sha256:29717114e51c84ddfba879543fb232a6ed60086602313ca38cce623c1d62cfbf"},
    {file = "PyYAML-6.0.2-cp310-cp310-manylinux_2_17_aarch64.manylinux2014_aarch64.whl", hash = "sha256:8824b5a04a04a047e72eea5cec3bc266db09e35de6bdfe34c9436ac5ee27d237"},
    {file = "PyYAML-6.0.2-cp310-cp310-manylinux_2_17_s390x.manylinux2014_s390x.whl", hash = "sha256:7c36280e6fb8385e520936c3cb3b8042851904eba0e58d277dca80a5cfed590b"},
    {file = "PyYAML-6.0.2-cp310-cp310-manylinux_2_17_x86_64.manylinux2014_x86_64.whl", hash = "sha256:ec031d5d2feb36d1d1a24380e4db6d43695f3748343d99434e6f5f9156aaa2ed"},
    {file = "PyYAML-6.0.2-cp310-cp310-musllinux_1_1_aarch64.whl", hash = "sha256:936d68689298c36b53b29f23c6dbb74de12b4ac12ca6cfe0e047bedceea56180"},
    {file = "PyYAML-6.0.2-cp310-cp310-musllinux_1_1_x86_64.whl", hash = "sha256:23502f431948090f597378482b4812b0caae32c22213aecf3b55325e049a6c68"},
    {file = "PyYAML-6.0.2-cp310-cp310-win32.whl", hash = "sha256:2e99c6826ffa974fe6e27cdb5ed0021786b03fc98e5ee3c5bfe1fd5015f42b99"},
    {file = "PyYAML-6.0.2-cp310-cp310-win_amd64.whl", hash = "sha256:a4d3091415f010369ae4ed1fc6b79def9416358877534caf6a0fdd2146c87a3e"},
    {file = "PyYAML-6.0.2-cp311-cp311-macosx_10_9_x86_64.whl", hash = "sha256:cc1c1159b3d456576af7a3e4d1ba7e6924cb39de8f67111c735f6fc832082774"},
    {file = "PyYAML-6.0.2-cp311-cp311-macosx_11_0_arm64.whl", hash = "sha256:1e2120ef853f59c7419231f3bf4e7021f1b936f6ebd222406c3b60212205d2ee"},
    {file = "PyYAML-6.0.2-cp311-cp311-manylinux_2_17_aarch64.manylinux2014_aarch64.whl", hash = "sha256:5d225db5a45f21e78dd9358e58a98702a0302f2659a3c6cd320564b75b86f47c"},
    {file = "PyYAML-6.0.2-cp311-cp311-manylinux_2_17_s390x.manylinux2014_s390x.whl", hash = "sha256:5ac9328ec4831237bec75defaf839f7d4564be1e6b25ac710bd1a96321cc8317"},
    {file = "PyYAML-6.0.2-cp311-cp311-manylinux_2_17_x86_64.manylinux2014_x86_64.whl", hash = "sha256:3ad2a3decf9aaba3d29c8f537ac4b243e36bef957511b4766cb0057d32b0be85"},
    {file = "PyYAML-6.0.2-cp311-cp311-musllinux_1_1_aarch64.whl", hash = "sha256:ff3824dc5261f50c9b0dfb3be22b4567a6f938ccce4587b38952d85fd9e9afe4"},
    {file = "PyYAML-6.0.2-cp311-cp311-musllinux_1_1_x86_64.whl", hash = "sha256:797b4f722ffa07cc8d62053e4cff1486fa6dc094105d13fea7b1de7d8bf71c9e"},
    {file = "PyYAML-6.0.2-cp311-cp311-win32.whl", hash = "sha256:11d8f3dd2b9c1207dcaf2ee0bbbfd5991f571186ec9cc78427ba5bd32afae4b5"},
    {file = "PyYAML-6.0.2-cp311-cp311-win_amd64.whl", hash = "sha256:e10ce637b18caea04431ce14fabcf5c64a1c61ec9c56b071a4b7ca131ca52d44"},
    {file = "PyYAML-6.0.2-cp312-cp312-macosx_10_9_x86_64.whl", hash = "sha256:c70c95198c015b85feafc136515252a261a84561b7b1d51e3384e0655ddf25ab"},
    {file = "PyYAML-6.0.2-cp312-cp312-macosx_11_0_arm64.whl", hash = "sha256:ce826d6ef20b1bc864f0a68340c8b3287705cae2f8b4b1d932177dcc76721725"},
    {file = "PyYAML-6.0.2-cp312-cp312-manylinux_2_17_aarch64.manylinux2014_aarch64.whl", hash = "sha256:1f71ea527786de97d1a0cc0eacd1defc0985dcf6b3f17bb77dcfc8c34bec4dc5"},
    {file = "PyYAML-6.0.2-cp312-cp312-manylinux_2_17_s390x.manylinux2014_s390x.whl", hash = "sha256:9b22676e8097e9e22e36d6b7bda33190d0d400f345f23d4065d48f4ca7ae0425"},
    {file = "PyYAML-6.0.2-cp312-cp312-manylinux_2_17_x86_64.manylinux2014_x86_64.whl", hash = "sha256:80bab7bfc629882493af4aa31a4cfa43a4c57c83813253626916b8c7ada83476"},
    {file = "PyYAML-6.0.2-cp312-cp312-musllinux_1_1_aarch64.whl", hash = "sha256:0833f8694549e586547b576dcfaba4a6b55b9e96098b36cdc7ebefe667dfed48"},
    {file = "PyYAML-6.0.2-cp312-cp312-musllinux_1_1_x86_64.whl", hash = "sha256:8b9c7197f7cb2738065c481a0461e50ad02f18c78cd75775628afb4d7137fb3b"},
    {file = "PyYAML-6.0.2-cp312-cp312-win32.whl", hash = "sha256:ef6107725bd54b262d6dedcc2af448a266975032bc85ef0172c5f059da6325b4"},
    {file = "PyYAML-6.0.2-cp312-cp312-win_amd64.whl", hash = "sha256:7e7401d0de89a9a855c839bc697c079a4af81cf878373abd7dc625847d25cbd8"},
    {file = "PyYAML-6.0.2-cp313-cp313-macosx_10_13_x86_64.whl", hash = "sha256:efdca5630322a10774e8e98e1af481aad470dd62c3170801852d752aa7a783ba"},
    {file = "PyYAML-6.0.2-cp313-cp313-macosx_11_0_arm64.whl", hash = "sha256:50187695423ffe49e2deacb8cd10510bc361faac997de9efef88badc3bb9e2d1"},
    {file = "PyYAML-6.0.2-cp313-cp313-manylinux_2_17_aarch64.manylinux2014_aarch64.whl", hash = "sha256:0ffe8360bab4910ef1b9e87fb812d8bc0a308b0d0eef8c8f44e0254ab3b07133"},
    {file = "PyYAML-6.0.2-cp313-cp313-manylinux_2_17_s390x.manylinux2014_s390x.whl", hash = "sha256:17e311b6c678207928d649faa7cb0d7b4c26a0ba73d41e99c4fff6b6c3276484"},
    {file = "PyYAML-6.0.2-cp313-cp313-manylinux_2_17_x86_64.manylinux2014_x86_64.whl", hash = "sha256:70b189594dbe54f75ab3a1acec5f1e3faa7e8cf2f1e08d9b561cb41b845f69d5"},
    {file = "PyYAML-6.0.2-cp313-cp313-musllinux_1_1_aarch64.whl", hash = "sha256:41e4e3953a79407c794916fa277a82531dd93aad34e29c2a514c2c0c5fe971cc"},
    {file = "PyYAML-6.0.2-cp313-cp313-musllinux_1_1_x86_64.whl", hash = "sha256:68ccc6023a3400877818152ad9a1033e3db8625d899c72eacb5a668902e4d652"},
    {file = "PyYAML-6.0.2-cp313-cp313-win32.whl", hash = "sha256:bc2fa7c6b47d6bc618dd7fb02ef6fdedb1090ec036abab80d4681424b84c1183"},
    {file = "PyYAML-6.0.2-cp313-cp313-win_amd64.whl", hash = "sha256:8388ee1976c416731879ac16da0aff3f63b286ffdd57cdeb95f3f2e085687563"},
    {file = "PyYAML-6.0.2-cp38-cp38-macosx_10_9_x86_64.whl", hash = "sha256:24471b829b3bf607e04e88d79542a9d48bb037c2267d7927a874e6c205ca7e9a"},
    {file = "PyYAML-6.0.2-cp38-cp38-manylinux_2_17_aarch64.manylinux2014_aarch64.whl", hash = "sha256:d7fded462629cfa4b685c5416b949ebad6cec74af5e2d42905d41e257e0869f5"},
    {file = "PyYAML-6.0.2-cp38-cp38-manylinux_2_17_s390x.manylinux2014_s390x.whl", hash = "sha256:d84a1718ee396f54f3a086ea0a66d8e552b2ab2017ef8b420e92edbc841c352d"},
    {file = "PyYAML-6.0.2-cp38-cp38-manylinux_2_17_x86_64.manylinux2014_x86_64.whl", hash = "sha256:9056c1ecd25795207ad294bcf39f2db3d845767be0ea6e6a34d856f006006083"},
    {file = "PyYAML-6.0.2-cp38-cp38-musllinux_1_1_x86_64.whl", hash = "sha256:82d09873e40955485746739bcb8b4586983670466c23382c19cffecbf1fd8706"},
    {file = "PyYAML-6.0.2-cp38-cp38-win32.whl", hash = "sha256:43fa96a3ca0d6b1812e01ced1044a003533c47f6ee8aca31724f78e93ccc089a"},
    {file = "PyYAML-6.0.2-cp38-cp38-win_amd64.whl", hash = "sha256:01179a4a8559ab5de078078f37e5c1a30d76bb88519906844fd7bdea1b7729ff"},
    {file = "PyYAML-6.0.2-cp39-cp39-macosx_10_9_x86_64.whl", hash = "sha256:688ba32a1cffef67fd2e9398a2efebaea461578b0923624778664cc1c914db5d"},
    {file = "PyYAML-6.0.2-cp39-cp39-macosx_11_0_arm64.whl", hash = "sha256:a8786accb172bd8afb8be14490a16625cbc387036876ab6ba70912730faf8e1f"},
    {file = "PyYAML-6.0.2-cp39-cp39-manylinux_2_17_aarch64.manylinux2014_aarch64.whl", hash = "sha256:d8e03406cac8513435335dbab54c0d385e4a49e4945d2909a581c83647ca0290"},
    {file = "PyYAML-6.0.2-cp39-cp39-manylinux_2_17_s390x.manylinux2014_s390x.whl", hash = "sha256:f753120cb8181e736c57ef7636e83f31b9c0d1722c516f7e86cf15b7aa57ff12"},
    {file = "PyYAML-6.0.2-cp39-cp39-manylinux_2_17_x86_64.manylinux2014_x86_64.whl", hash = "sha256:3b1fdb9dc17f5a7677423d508ab4f243a726dea51fa5e70992e59a7411c89d19"},
    {file = "PyYAML-6.0.2-cp39-cp39-musllinux_1_1_aarch64.whl", hash = "sha256:0b69e4ce7a131fe56b7e4d770c67429700908fc0752af059838b1cfb41960e4e"},
    {file = "PyYAML-6.0.2-cp39-cp39-musllinux_1_1_x86_64.whl", hash = "sha256:a9f8c2e67970f13b16084e04f134610fd1d374bf477b17ec1599185cf611d725"},
    {file = "PyYAML-6.0.2-cp39-cp39-win32.whl", hash = "sha256:6395c297d42274772abc367baaa79683958044e5d3835486c16da75d2a694631"},
    {file = "PyYAML-6.0.2-cp39-cp39-win_amd64.whl", hash = "sha256:39693e1f8320ae4f43943590b49779ffb98acb81f788220ea932a6b6c51004d8"},
    {file = "pyyaml-6.0.2.tar.gz", hash = "sha256:d584d9ec91ad65861cc08d42e834324ef890a082e591037abe114850ff7bbc3e"},
]

[metadata]
lock-version = "2.1"
python-versions = ">=3.9"
content-hash = "591c209718a5b4b6439b6c9477ee0042013810770530b2e0e330e5df0e551102"
